// !$*UTF8*$!
{
	archiveVersion = 1;
	classes = {
	};
	objectVersion = 50;
	objects = {

/* Begin PBXBuildFile section */
		B5F455E6284B8C6000705CDE /* AppDelegate.swift in Sources */ = {isa = PBXBuildFile; fileRef = B5F455E5284B8C6000705CDE /* AppDelegate.swift */; };
		B5F455E8284B8C6000705CDE /* SceneDelegate.swift in Sources */ = {isa = PBXBuildFile; fileRef = B5F455E7284B8C6000705CDE /* SceneDelegate.swift */; };
		B5F455EA284B8C6000705CDE /* ContentView.swift in Sources */ = {isa = PBXBuildFile; fileRef = B5F455E9284B8C6000705CDE /* ContentView.swift */; };
		B5F455EC284B8C6100705CDE /* Assets.xcassets in Resources */ = {isa = PBXBuildFile; fileRef = B5F455EB284B8C6100705CDE /* Assets.xcassets */; };
		B5F455EF284B8C6100705CDE /* Preview Assets.xcassets in Resources */ = {isa = PBXBuildFile; fileRef = B5F455EE284B8C6100705CDE /* Preview Assets.xcassets */; };
		B5F455F2284B8C6100705CDE /* LaunchScreen.storyboard in Resources */ = {isa = PBXBuildFile; fileRef = B5F455F0284B8C6100705CDE /* LaunchScreen.storyboard */; };
		B5F455FD284B8C6100705CDE /* ToDoListTests.swift in Sources */ = {isa = PBXBuildFile; fileRef = B5F455FC284B8C6100705CDE /* ToDoListTests.swift */; };
		B5F45608284B8C6100705CDE /* ToDoListUITests.swift in Sources */ = {isa = PBXBuildFile; fileRef = B5F45607284B8C6100705CDE /* ToDoListUITests.swift */; };
/* End PBXBuildFile section */

/* Begin PBXContainerItemProxy section */
		B5F455F9284B8C6100705CDE /* PBXContainerItemProxy */ = {
			isa = PBXContainerItemProxy;
			containerPortal = B5F455DA284B8C6000705CDE /* Project object */;
			proxyType = 1;
			remoteGlobalIDString = B5F455E1284B8C6000705CDE;
			remoteInfo = ToDoList;
		};
		B5F45604284B8C6100705CDE /* PBXContainerItemProxy */ = {
			isa = PBXContainerItemProxy;
			containerPortal = B5F455DA284B8C6000705CDE /* Project object */;
			proxyType = 1;
			remoteGlobalIDString = B5F455E1284B8C6000705CDE;
			remoteInfo = ToDoList;
		};
/* End PBXContainerItemProxy section */

/* Begin PBXFileReference section */
		B5F455E2284B8C6000705CDE /* ToDoList.app */ = {isa = PBXFileReference; explicitFileType = wrapper.application; includeInIndex = 0; path = ToDoList.app; sourceTree = BUILT_PRODUCTS_DIR; };
		B5F455E5284B8C6000705CDE /* AppDelegate.swift */ = {isa = PBXFileReference; lastKnownFileType = sourcecode.swift; path = AppDelegate.swift; sourceTree = "<group>"; };
		B5F455E7284B8C6000705CDE /* SceneDelegate.swift */ = {isa = PBXFileReference; lastKnownFileType = sourcecode.swift; path = SceneDelegate.swift; sourceTree = "<group>"; };
		B5F455E9284B8C6000705CDE /* ContentView.swift */ = {isa = PBXFileReference; lastKnownFileType = sourcecode.swift; path = ContentView.swift; sourceTree = "<group>"; };
		B5F455EB284B8C6100705CDE /* Assets.xcassets */ = {isa = PBXFileReference; lastKnownFileType = folder.assetcatalog; path = Assets.xcassets; sourceTree = "<group>"; };
		B5F455EE284B8C6100705CDE /* Preview Assets.xcassets */ = {isa = PBXFileReference; lastKnownFileType = folder.assetcatalog; path = "Preview Assets.xcassets"; sourceTree = "<group>"; };
		B5F455F1284B8C6100705CDE /* Base */ = {isa = PBXFileReference; lastKnownFileType = file.storyboard; name = Base; path = Base.lproj/LaunchScreen.storyboard; sourceTree = "<group>"; };
		B5F455F3284B8C6100705CDE /* Info.plist */ = {isa = PBXFileReference; lastKnownFileType = text.plist.xml; path = Info.plist; sourceTree = "<group>"; };
		B5F455F8284B8C6100705CDE /* ToDoListTests.xctest */ = {isa = PBXFileReference; explicitFileType = wrapper.cfbundle; includeInIndex = 0; path = ToDoListTests.xctest; sourceTree = BUILT_PRODUCTS_DIR; };
		B5F455FC284B8C6100705CDE /* ToDoListTests.swift */ = {isa = PBXFileReference; lastKnownFileType = sourcecode.swift; path = ToDoListTests.swift; sourceTree = "<group>"; };
		B5F455FE284B8C6100705CDE /* Info.plist */ = {isa = PBXFileReference; lastKnownFileType = text.plist.xml; path = Info.plist; sourceTree = "<group>"; };
		B5F45603284B8C6100705CDE /* ToDoListUITests.xctest */ = {isa = PBXFileReference; explicitFileType = wrapper.cfbundle; includeInIndex = 0; path = ToDoListUITests.xctest; sourceTree = BUILT_PRODUCTS_DIR; };
		B5F45607284B8C6100705CDE /* ToDoListUITests.swift */ = {isa = PBXFileReference; lastKnownFileType = sourcecode.swift; path = ToDoListUITests.swift; sourceTree = "<group>"; };
		B5F45609284B8C6100705CDE /* Info.plist */ = {isa = PBXFileReference; lastKnownFileType = text.plist.xml; path = Info.plist; sourceTree = "<group>"; };
/* End PBXFileReference section */

/* Begin PBXFrameworksBuildPhase section */
		B5F455DF284B8C6000705CDE /* Frameworks */ = {
			isa = PBXFrameworksBuildPhase;
			buildActionMask = 2147483647;
			files = (
			);
			runOnlyForDeploymentPostprocessing = 0;
		};
		B5F455F5284B8C6100705CDE /* Frameworks */ = {
			isa = PBXFrameworksBuildPhase;
			buildActionMask = 2147483647;
			files = (
			);
			runOnlyForDeploymentPostprocessing = 0;
		};
		B5F45600284B8C6100705CDE /* Frameworks */ = {
			isa = PBXFrameworksBuildPhase;
			buildActionMask = 2147483647;
			files = (
			);
			runOnlyForDeploymentPostprocessing = 0;
		};
/* End PBXFrameworksBuildPhase section */

/* Begin PBXGroup section */
		B5F455D9284B8C6000705CDE = {
			isa = PBXGroup;
			children = (
				B5F455E4284B8C6000705CDE /* ToDoList */,
				B5F455FB284B8C6100705CDE /* ToDoListTests */,
				B5F45606284B8C6100705CDE /* ToDoListUITests */,
				B5F455E3284B8C6000705CDE /* Products */,
			);
			sourceTree = "<group>";
		};
		B5F455E3284B8C6000705CDE /* Products */ = {
			isa = PBXGroup;
			children = (
				B5F455E2284B8C6000705CDE /* ToDoList.app */,
				B5F455F8284B8C6100705CDE /* ToDoListTests.xctest */,
				B5F45603284B8C6100705CDE /* ToDoListUITests.xctest */,
			);
			name = Products;
			sourceTree = "<group>";
		};
		B5F455E4284B8C6000705CDE /* ToDoList */ = {
			isa = PBXGroup;
			children = (
				B5F455E5284B8C6000705CDE /* AppDelegate.swift */,
				B5F455E7284B8C6000705CDE /* SceneDelegate.swift */,
				B5F455E9284B8C6000705CDE /* ContentView.swift */,
				B5F455EB284B8C6100705CDE /* Assets.xcassets */,
				B5F455F0284B8C6100705CDE /* LaunchScreen.storyboard */,
				B5F455F3284B8C6100705CDE /* Info.plist */,
				B5F455ED284B8C6100705CDE /* Preview Content */,
			);
			path = ToDoList;
			sourceTree = "<group>";
		};
		B5F455ED284B8C6100705CDE /* Preview Content */ = {
			isa = PBXGroup;
			children = (
				B5F455EE284B8C6100705CDE /* Preview Assets.xcassets */,
			);
			path = "Preview Content";
			sourceTree = "<group>";
		};
		B5F455FB284B8C6100705CDE /* ToDoListTests */ = {
			isa = PBXGroup;
			children = (
				B5F455FC284B8C6100705CDE /* ToDoListTests.swift */,
				B5F455FE284B8C6100705CDE /* Info.plist */,
			);
			path = ToDoListTests;
			sourceTree = "<group>";
		};
		B5F45606284B8C6100705CDE /* ToDoListUITests */ = {
			isa = PBXGroup;
			children = (
				B5F45607284B8C6100705CDE /* ToDoListUITests.swift */,
				B5F45609284B8C6100705CDE /* Info.plist */,
			);
			path = ToDoListUITests;
			sourceTree = "<group>";
		};
/* End PBXGroup section */

/* Begin PBXNativeTarget section */
		B5F455E1284B8C6000705CDE /* ToDoList */ = {
			isa = PBXNativeTarget;
			buildConfigurationList = B5F4560C284B8C6100705CDE /* Build configuration list for PBXNativeTarget "ToDoList" */;
			buildPhases = (
				B5F455DE284B8C6000705CDE /* Sources */,
				B5F455DF284B8C6000705CDE /* Frameworks */,
				B5F455E0284B8C6000705CDE /* Resources */,
			);
			buildRules = (
			);
			dependencies = (
			);
			name = ToDoList;
			productName = ToDoList;
			productReference = B5F455E2284B8C6000705CDE /* ToDoList.app */;
			productType = "com.apple.product-type.application";
		};
		B5F455F7284B8C6100705CDE /* ToDoListTests */ = {
			isa = PBXNativeTarget;
			buildConfigurationList = B5F4560F284B8C6100705CDE /* Build configuration list for PBXNativeTarget "ToDoListTests" */;
			buildPhases = (
				B5F455F4284B8C6100705CDE /* Sources */,
				B5F455F5284B8C6100705CDE /* Frameworks */,
				B5F455F6284B8C6100705CDE /* Resources */,
			);
			buildRules = (
			);
			dependencies = (
				B5F455FA284B8C6100705CDE /* PBXTargetDependency */,
			);
			name = ToDoListTests;
			productName = ToDoListTests;
			productReference = B5F455F8284B8C6100705CDE /* ToDoListTests.xctest */;
			productType = "com.apple.product-type.bundle.unit-test";
		};
		B5F45602284B8C6100705CDE /* ToDoListUITests */ = {
			isa = PBXNativeTarget;
			buildConfigurationList = B5F45612284B8C6100705CDE /* Build configuration list for PBXNativeTarget "ToDoListUITests" */;
			buildPhases = (
				B5F455FF284B8C6100705CDE /* Sources */,
				B5F45600284B8C6100705CDE /* Frameworks */,
				B5F45601284B8C6100705CDE /* Resources */,
			);
			buildRules = (
			);
			dependencies = (
				B5F45605284B8C6100705CDE /* PBXTargetDependency */,
			);
			name = ToDoListUITests;
			productName = ToDoListUITests;
			productReference = B5F45603284B8C6100705CDE /* ToDoListUITests.xctest */;
			productType = "com.apple.product-type.bundle.ui-testing";
		};
/* End PBXNativeTarget section */

/* Begin PBXProject section */
		B5F455DA284B8C6000705CDE /* Project object */ = {
			isa = PBXProject;
			attributes = {
				LastSwiftUpdateCheck = 1130;
				LastUpgradeCheck = 1130;
				ORGANIZATIONNAME = "Zuleykha Pavlichenkova aka hmeriann";
				TargetAttributes = {
					B5F455E1284B8C6000705CDE = {
						CreatedOnToolsVersion = 11.3.1;
					};
					B5F455F7284B8C6100705CDE = {
						CreatedOnToolsVersion = 11.3.1;
						TestTargetID = B5F455E1284B8C6000705CDE;
					};
					B5F45602284B8C6100705CDE = {
						CreatedOnToolsVersion = 11.3.1;
						TestTargetID = B5F455E1284B8C6000705CDE;
					};
				};
			};
			buildConfigurationList = B5F455DD284B8C6000705CDE /* Build configuration list for PBXProject "ToDoList" */;
			compatibilityVersion = "Xcode 9.3";
			developmentRegion = en;
			hasScannedForEncodings = 0;
			knownRegions = (
				en,
				Base,
			);
			mainGroup = B5F455D9284B8C6000705CDE;
			productRefGroup = B5F455E3284B8C6000705CDE /* Products */;
			projectDirPath = "";
			projectRoot = "";
			targets = (
				B5F455E1284B8C6000705CDE /* ToDoList */,
				B5F455F7284B8C6100705CDE /* ToDoListTests */,
				B5F45602284B8C6100705CDE /* ToDoListUITests */,
			);
		};
/* End PBXProject section */

/* Begin PBXResourcesBuildPhase section */
		B5F455E0284B8C6000705CDE /* Resources */ = {
			isa = PBXResourcesBuildPhase;
			buildActionMask = 2147483647;
			files = (
				B5F455F2284B8C6100705CDE /* LaunchScreen.storyboard in Resources */,
				B5F455EF284B8C6100705CDE /* Preview Assets.xcassets in Resources */,
				B5F455EC284B8C6100705CDE /* Assets.xcassets in Resources */,
			);
			runOnlyForDeploymentPostprocessing = 0;
		};
		B5F455F6284B8C6100705CDE /* Resources */ = {
			isa = PBXResourcesBuildPhase;
			buildActionMask = 2147483647;
			files = (
			);
			runOnlyForDeploymentPostprocessing = 0;
		};
		B5F45601284B8C6100705CDE /* Resources */ = {
			isa = PBXResourcesBuildPhase;
			buildActionMask = 2147483647;
			files = (
			);
			runOnlyForDeploymentPostprocessing = 0;
		};
/* End PBXResourcesBuildPhase section */

/* Begin PBXSourcesBuildPhase section */
		B5F455DE284B8C6000705CDE /* Sources */ = {
			isa = PBXSourcesBuildPhase;
			buildActionMask = 2147483647;
			files = (
				B5F455E6284B8C6000705CDE /* AppDelegate.swift in Sources */,
				B5F455E8284B8C6000705CDE /* SceneDelegate.swift in Sources */,
				B5F455EA284B8C6000705CDE /* ContentView.swift in Sources */,
			);
			runOnlyForDeploymentPostprocessing = 0;
		};
		B5F455F4284B8C6100705CDE /* Sources */ = {
			isa = PBXSourcesBuildPhase;
			buildActionMask = 2147483647;
			files = (
				B5F455FD284B8C6100705CDE /* ToDoListTests.swift in Sources */,
			);
			runOnlyForDeploymentPostprocessing = 0;
		};
		B5F455FF284B8C6100705CDE /* Sources */ = {
			isa = PBXSourcesBuildPhase;
			buildActionMask = 2147483647;
			files = (
				B5F45608284B8C6100705CDE /* ToDoListUITests.swift in Sources */,
			);
			runOnlyForDeploymentPostprocessing = 0;
		};
/* End PBXSourcesBuildPhase section */

/* Begin PBXTargetDependency section */
		B5F455FA284B8C6100705CDE /* PBXTargetDependency */ = {
			isa = PBXTargetDependency;
			target = B5F455E1284B8C6000705CDE /* ToDoList */;
			targetProxy = B5F455F9284B8C6100705CDE /* PBXContainerItemProxy */;
		};
		B5F45605284B8C6100705CDE /* PBXTargetDependency */ = {
			isa = PBXTargetDependency;
			target = B5F455E1284B8C6000705CDE /* ToDoList */;
			targetProxy = B5F45604284B8C6100705CDE /* PBXContainerItemProxy */;
		};
/* End PBXTargetDependency section */

/* Begin PBXVariantGroup section */
		B5F455F0284B8C6100705CDE /* LaunchScreen.storyboard */ = {
			isa = PBXVariantGroup;
			children = (
				B5F455F1284B8C6100705CDE /* Base */,
			);
			name = LaunchScreen.storyboard;
			sourceTree = "<group>";
		};
/* End PBXVariantGroup section */

/* Begin XCBuildConfiguration section */
		B5F4560A284B8C6100705CDE /* Debug */ = {
			isa = XCBuildConfiguration;
			buildSettings = {
				ALWAYS_SEARCH_USER_PATHS = NO;
				CLANG_ANALYZER_NONNULL = YES;
				CLANG_ANALYZER_NUMBER_OBJECT_CONVERSION = YES_AGGRESSIVE;
				CLANG_CXX_LANGUAGE_STANDARD = "gnu++14";
				CLANG_CXX_LIBRARY = "libc++";
				CLANG_ENABLE_MODULES = YES;
				CLANG_ENABLE_OBJC_ARC = YES;
				CLANG_ENABLE_OBJC_WEAK = YES;
				CLANG_WARN_BLOCK_CAPTURE_AUTORELEASING = YES;
				CLANG_WARN_BOOL_CONVERSION = YES;
				CLANG_WARN_COMMA = YES;
				CLANG_WARN_CONSTANT_CONVERSION = YES;
				CLANG_WARN_DEPRECATED_OBJC_IMPLEMENTATIONS = YES;
				CLANG_WARN_DIRECT_OBJC_ISA_USAGE = YES_ERROR;
				CLANG_WARN_DOCUMENTATION_COMMENTS = YES;
				CLANG_WARN_EMPTY_BODY = YES;
				CLANG_WARN_ENUM_CONVERSION = YES;
				CLANG_WARN_INFINITE_RECURSION = YES;
				CLANG_WARN_INT_CONVERSION = YES;
				CLANG_WARN_NON_LITERAL_NULL_CONVERSION = YES;
				CLANG_WARN_OBJC_IMPLICIT_RETAIN_SELF = YES;
				CLANG_WARN_OBJC_LITERAL_CONVERSION = YES;
				CLANG_WARN_OBJC_ROOT_CLASS = YES_ERROR;
				CLANG_WARN_RANGE_LOOP_ANALYSIS = YES;
				CLANG_WARN_STRICT_PROTOTYPES = YES;
				CLANG_WARN_SUSPICIOUS_MOVE = YES;
				CLANG_WARN_UNGUARDED_AVAILABILITY = YES_AGGRESSIVE;
				CLANG_WARN_UNREACHABLE_CODE = YES;
				CLANG_WARN__DUPLICATE_METHOD_MATCH = YES;
				COPY_PHASE_STRIP = NO;
				DEBUG_INFORMATION_FORMAT = dwarf;
				ENABLE_STRICT_OBJC_MSGSEND = YES;
				ENABLE_TESTABILITY = YES;
				GCC_C_LANGUAGE_STANDARD = gnu11;
				GCC_DYNAMIC_NO_PIC = NO;
				GCC_NO_COMMON_BLOCKS = YES;
				GCC_OPTIMIZATION_LEVEL = 0;
				GCC_PREPROCESSOR_DEFINITIONS = (
					"DEBUG=1",
					"$(inherited)",
				);
				GCC_WARN_64_TO_32_BIT_CONVERSION = YES;
				GCC_WARN_ABOUT_RETURN_TYPE = YES_ERROR;
				GCC_WARN_UNDECLARED_SELECTOR = YES;
				GCC_WARN_UNINITIALIZED_AUTOS = YES_AGGRESSIVE;
				GCC_WARN_UNUSED_FUNCTION = YES;
				GCC_WARN_UNUSED_VARIABLE = YES;
				IPHONEOS_DEPLOYMENT_TARGET = 13.2;
				MTL_ENABLE_DEBUG_INFO = INCLUDE_SOURCE;
				MTL_FAST_MATH = YES;
				ONLY_ACTIVE_ARCH = YES;
				SDKROOT = iphoneos;
				SWIFT_ACTIVE_COMPILATION_CONDITIONS = DEBUG;
				SWIFT_OPTIMIZATION_LEVEL = "-Onone";
			};
			name = Debug;
		};
		B5F4560B284B8C6100705CDE /* Release */ = {
			isa = XCBuildConfiguration;
			buildSettings = {
				ALWAYS_SEARCH_USER_PATHS = NO;
				CLANG_ANALYZER_NONNULL = YES;
				CLANG_ANALYZER_NUMBER_OBJECT_CONVERSION = YES_AGGRESSIVE;
				CLANG_CXX_LANGUAGE_STANDARD = "gnu++14";
				CLANG_CXX_LIBRARY = "libc++";
				CLANG_ENABLE_MODULES = YES;
				CLANG_ENABLE_OBJC_ARC = YES;
				CLANG_ENABLE_OBJC_WEAK = YES;
				CLANG_WARN_BLOCK_CAPTURE_AUTORELEASING = YES;
				CLANG_WARN_BOOL_CONVERSION = YES;
				CLANG_WARN_COMMA = YES;
				CLANG_WARN_CONSTANT_CONVERSION = YES;
				CLANG_WARN_DEPRECATED_OBJC_IMPLEMENTATIONS = YES;
				CLANG_WARN_DIRECT_OBJC_ISA_USAGE = YES_ERROR;
				CLANG_WARN_DOCUMENTATION_COMMENTS = YES;
				CLANG_WARN_EMPTY_BODY = YES;
				CLANG_WARN_ENUM_CONVERSION = YES;
				CLANG_WARN_INFINITE_RECURSION = YES;
				CLANG_WARN_INT_CONVERSION = YES;
				CLANG_WARN_NON_LITERAL_NULL_CONVERSION = YES;
				CLANG_WARN_OBJC_IMPLICIT_RETAIN_SELF = YES;
				CLANG_WARN_OBJC_LITERAL_CONVERSION = YES;
				CLANG_WARN_OBJC_ROOT_CLASS = YES_ERROR;
				CLANG_WARN_RANGE_LOOP_ANALYSIS = YES;
				CLANG_WARN_STRICT_PROTOTYPES = YES;
				CLANG_WARN_SUSPICIOUS_MOVE = YES;
				CLANG_WARN_UNGUARDED_AVAILABILITY = YES_AGGRESSIVE;
				CLANG_WARN_UNREACHABLE_CODE = YES;
				CLANG_WARN__DUPLICATE_METHOD_MATCH = YES;
				COPY_PHASE_STRIP = NO;
				DEBUG_INFORMATION_FORMAT = "dwarf-with-dsym";
				ENABLE_NS_ASSERTIONS = NO;
				ENABLE_STRICT_OBJC_MSGSEND = YES;
				GCC_C_LANGUAGE_STANDARD = gnu11;
				GCC_NO_COMMON_BLOCKS = YES;
				GCC_WARN_64_TO_32_BIT_CONVERSION = YES;
				GCC_WARN_ABOUT_RETURN_TYPE = YES_ERROR;
				GCC_WARN_UNDECLARED_SELECTOR = YES;
				GCC_WARN_UNINITIALIZED_AUTOS = YES_AGGRESSIVE;
				GCC_WARN_UNUSED_FUNCTION = YES;
				GCC_WARN_UNUSED_VARIABLE = YES;
				IPHONEOS_DEPLOYMENT_TARGET = 13.2;
				MTL_ENABLE_DEBUG_INFO = NO;
				MTL_FAST_MATH = YES;
				SDKROOT = iphoneos;
				SWIFT_COMPILATION_MODE = wholemodule;
				SWIFT_OPTIMIZATION_LEVEL = "-O";
				VALIDATE_PRODUCT = YES;
			};
			name = Release;
		};
		B5F4560D284B8C6100705CDE /* Debug */ = {
			isa = XCBuildConfiguration;
			buildSettings = {
				ASSETCATALOG_COMPILER_APPICON_NAME = AppIcon;
				CODE_SIGN_STYLE = Automatic;
				DEVELOPMENT_ASSET_PATHS = "\"ToDoList/Preview Content\"";
				DEVELOPMENT_TEAM = 5XJD2AR6K6;
				ENABLE_PREVIEWS = YES;
				INFOPLIST_FILE = ToDoList/Info.plist;
				LD_RUNPATH_SEARCH_PATHS = (
					"$(inherited)",
					"@executable_path/Frameworks",
				);
				PRODUCT_BUNDLE_IDENTIFIER = sample.com.ToDoList;
				PRODUCT_NAME = "$(TARGET_NAME)";
				SWIFT_VERSION = 5.0;
				TARGETED_DEVICE_FAMILY = "1,2";
			};
			name = Debug;
		};
		B5F4560E284B8C6100705CDE /* Release */ = {
			isa = XCBuildConfiguration;
			buildSettings = {
				ASSETCATALOG_COMPILER_APPICON_NAME = AppIcon;
				CODE_SIGN_STYLE = Automatic;
				DEVELOPMENT_ASSET_PATHS = "\"ToDoList/Preview Content\"";
				DEVELOPMENT_TEAM = 5XJD2AR6K6;
				ENABLE_PREVIEWS = YES;
				INFOPLIST_FILE = ToDoList/Info.plist;
				LD_RUNPATH_SEARCH_PATHS = (
					"$(inherited)",
					"@executable_path/Frameworks",
				);
				PRODUCT_BUNDLE_IDENTIFIER = sample.com.ToDoList;
				PRODUCT_NAME = "$(TARGET_NAME)";
				SWIFT_VERSION = 5.0;
				TARGETED_DEVICE_FAMILY = "1,2";
			};
			name = Release;
		};
		B5F45610284B8C6100705CDE /* Debug */ = {
			isa = XCBuildConfiguration;
			buildSettings = {
				ALWAYS_EMBED_SWIFT_STANDARD_LIBRARIES = YES;
				BUNDLE_LOADER = "$(TEST_HOST)";
				CODE_SIGN_STYLE = Automatic;
				DEVELOPMENT_TEAM = 5XJD2AR6K6;
				INFOPLIST_FILE = ToDoListTests/Info.plist;
				IPHONEOS_DEPLOYMENT_TARGET = 13.2;
				LD_RUNPATH_SEARCH_PATHS = (
					"$(inherited)",
					"@executable_path/Frameworks",
					"@loader_path/Frameworks",
				);
				PRODUCT_BUNDLE_IDENTIFIER = sample.com.ToDoListTests;
				PRODUCT_NAME = "$(TARGET_NAME)";
				SWIFT_VERSION = 5.0;
				TARGETED_DEVICE_FAMILY = "1,2";
				TEST_HOST = "$(BUILT_PRODUCTS_DIR)/ToDoList.app/ToDoList";
			};
			name = Debug;
		};
		B5F45611284B8C6100705CDE /* Release */ = {
			isa = XCBuildConfiguration;
			buildSettings = {
				ALWAYS_EMBED_SWIFT_STANDARD_LIBRARIES = YES;
				BUNDLE_LOADER = "$(TEST_HOST)";
				CODE_SIGN_STYLE = Automatic;
				DEVELOPMENT_TEAM = 5XJD2AR6K6;
				INFOPLIST_FILE = ToDoListTests/Info.plist;
				IPHONEOS_DEPLOYMENT_TARGET = 13.2;
				LD_RUNPATH_SEARCH_PATHS = (
					"$(inherited)",
					"@executable_path/Frameworks",
					"@loader_path/Frameworks",
				);
				PRODUCT_BUNDLE_IDENTIFIER = sample.com.ToDoListTests;
				PRODUCT_NAME = "$(TARGET_NAME)";
				SWIFT_VERSION = 5.0;
				TARGETED_DEVICE_FAMILY = "1,2";
				TEST_HOST = "$(BUILT_PRODUCTS_DIR)/ToDoList.app/ToDoList";
			};
			name = Release;
		};
		B5F45613284B8C6100705CDE /* Debug */ = {
			isa = XCBuildConfiguration;
			buildSettings = {
				ALWAYS_EMBED_SWIFT_STANDARD_LIBRARIES = YES;
				CODE_SIGN_STYLE = Automatic;
				DEVELOPMENT_TEAM = 5XJD2AR6K6;
				INFOPLIST_FILE = ToDoListUITests/Info.plist;
				LD_RUNPATH_SEARCH_PATHS = (
					"$(inherited)",
					"@executable_path/Frameworks",
					"@loader_path/Frameworks",
				);
				PRODUCT_BUNDLE_IDENTIFIER = sample.com.ToDoListUITests;
				PRODUCT_NAME = "$(TARGET_NAME)";
				SWIFT_VERSION = 5.0;
				TARGETED_DEVICE_FAMILY = "1,2";
				TEST_TARGET_NAME = ToDoList;
			};
			name = Debug;
		};
		B5F45614284B8C6100705CDE /* Release */ = {
			isa = XCBuildConfiguration;
			buildSettings = {
				ALWAYS_EMBED_SWIFT_STANDARD_LIBRARIES = YES;
				CODE_SIGN_STYLE = Automatic;
				DEVELOPMENT_TEAM = 5XJD2AR6K6;
				INFOPLIST_FILE = ToDoListUITests/Info.plist;
				LD_RUNPATH_SEARCH_PATHS = (
					"$(inherited)",
					"@executable_path/Frameworks",
					"@loader_path/Frameworks",
				);
				PRODUCT_BUNDLE_IDENTIFIER = sample.com.ToDoListUITests;
				PRODUCT_NAME = "$(TARGET_NAME)";
				SWIFT_VERSION = 5.0;
				TARGETED_DEVICE_FAMILY = "1,2";
				TEST_TARGET_NAME = ToDoList;
			};
			name = Release;
		};
/* End XCBuildConfiguration section */

/* Begin XCConfigurationList section */
		B5F455DD284B8C6000705CDE /* Build configuration list for PBXProject "ToDoList" */ = {
			isa = XCConfigurationList;
			buildConfigurations = (
				B5F4560A284B8C6100705CDE /* Debug */,
				B5F4560B284B8C6100705CDE /* Release */,
			);
			defaultConfigurationIsVisible = 0;
			defaultConfigurationName = Release;
		};
		B5F4560C284B8C6100705CDE /* Build configuration list for PBXNativeTarget "ToDoList" */ = {
			isa = XCConfigurationList;
			buildConfigurations = (
				B5F4560D284B8C6100705CDE /* Debug */,
				B5F4560E284B8C6100705CDE /* Release */,
			);
			defaultConfigurationIsVisible = 0;
			defaultConfigurationName = Release;
		};
		B5F4560F284B8C6100705CDE /* Build configuration list for PBXNativeTarget "ToDoListTests" */ = {
			isa = XCConfigurationList;
			buildConfigurations = (
				B5F45610284B8C6100705CDE /* Debug */,
				B5F45611284B8C6100705CDE /* Release */,
			);
			defaultConfigurationIsVisible = 0;
			defaultConfigurationName = Release;
		};
		B5F45612284B8C6100705CDE /* Build configuration list for PBXNativeTarget "ToDoListUITests" */ = {
			isa = XCConfigurationList;
			buildConfigurations = (
				B5F45613284B8C6100705CDE /* Debug */,
				B5F45614284B8C6100705CDE /* Release */,
			);
			defaultConfigurationIsVisible = 0;
			defaultConfigurationName = Release;
		};
/* End XCConfigurationList section */
	};
	rootObject = B5F455DA284B8C6000705CDE /* Project object */;
}
